
Microsoft Visual Studio Solution File, Format Version 12.00
# Visual Studio Version 16
VisualStudioVersion = 16.0.29806.167
MinimumVisualStudioVersion = 10.0.40219.1
Project("{FAE04EC0-301F-11D3-BF4B-00C04F79EFBC}") = "DashboardApi", "DashboardApi\DashboardApi.csproj", "{360E384D-82E0-4EF3-BC1E-A7007FCC43DE}"
EndProject
Project("{9A19103F-16F7-4668-BE54-9A1E7A4F7556}") = "DashboardApplication", "DashboardApplication\DashboardApplication.csproj", "{76BF3036-5679-45E6-BB69-32659BEB526E}"
EndProject
Global
	GlobalSection(SolutionConfigurationPlatforms) = preSolution
		Debug|Any CPU = Debug|Any CPU
		Release|Any CPU = Release|Any CPU
	EndGlobalSection
	GlobalSection(ProjectConfigurationPlatforms) = postSolution
		{360E384D-82E0-4EF3-BC1E-A7007FCC43DE}.Debug|Any CPU.ActiveCfg = Debug|Any CPU
		{360E384D-82E0-4EF3-BC1E-A7007FCC43DE}.Debug|Any CPU.Build.0 = Debug|Any CPU
		{360E384D-82E0-4EF3-BC1E-A7007FCC43DE}.Release|Any CPU.ActiveCfg = Release|Any CPU
		{360E384D-82E0-4EF3-BC1E-A7007FCC43DE}.Release|Any CPU.Build.0 = Release|Any CPU
		{76BF3036-5679-45E6-BB69-32659BEB526E}.Debug|Any CPU.ActiveCfg = Debug|Any CPU
		{76BF3036-5679-45E6-BB69-32659BEB526E}.Debug|Any CPU.Build.0 = Debug|Any CPU
		{76BF3036-5679-45E6-BB69-32659BEB526E}.Release|Any CPU.ActiveCfg = Release|Any CPU
		{76BF3036-5679-45E6-BB69-32659BEB526E}.Release|Any CPU.Build.0 = Release|Any CPU
	EndGlobalSection
	GlobalSection(SolutionProperties) = preSolution
		HideSolutionNode = FALSE
	EndGlobalSection
	GlobalSection(ExtensibilityGlobals) = postSolution
		SolutionGuid = {3C8D1FC6-B5C9-42E4-9F79-3D1711298D0E}
	EndGlobalSection
EndGlobal
